
Microsoft Visual Studio Solution File, Format Version 12.00
# Visual Studio Version 17
VisualStudioVersion = 17.13.35806.99
MinimumVisualStudioVersion = 10.0.40219.1
Project("{9A19103F-16F7-4668-BE54-9A1E7A4F7556}") = "webBanThucPham", "webBanThucPham\webBanThucPham.csproj", "{899B7971-6C21-498C-9758-7DE1D4963930}"
EndProject
Project("{FAE04EC0-301F-11D3-BF4B-00C04F79EFBC}") = "WebApp.Tests", "TestProject2\WebApp.Tests.csproj", "{C3423EB1-8B47-4654-BFFB-0A93DD74562B}"
EndProject
Global
	GlobalSection(SolutionConfigurationPlatforms) = preSolution
		Debug|Any CPU = Debug|Any CPU
		Release|Any CPU = Release|Any CPU
	EndGlobalSection
	GlobalSection(ProjectConfigurationPlatforms) = postSolution
		{899B7971-6C21-498C-9758-7DE1D4963930}.Debug|Any CPU.ActiveCfg = Debug|Any CPU
		{899B7971-6C21-498C-9758-7DE1D4963930}.Debug|Any CPU.Build.0 = Debug|Any CPU
		{899B7971-6C21-498C-9758-7DE1D4963930}.Release|Any CPU.ActiveCfg = Release|Any CPU
		{899B7971-6C21-498C-9758-7DE1D4963930}.Release|Any CPU.Build.0 = Release|Any CPU
		{C3423EB1-8B47-4654-BFFB-0A93DD74562B}.Debug|Any CPU.ActiveCfg = Debug|Any CPU
		{C3423EB1-8B47-4654-BFFB-0A93DD74562B}.Debug|Any CPU.Build.0 = Debug|Any CPU
		{C3423EB1-8B47-4654-BFFB-0A93DD74562B}.Release|Any CPU.ActiveCfg = Release|Any CPU
		{C3423EB1-8B47-4654-BFFB-0A93DD74562B}.Release|Any CPU.Build.0 = Release|Any CPU
	EndGlobalSection
	GlobalSection(SolutionProperties) = preSolution
		HideSolutionNode = FALSE
	EndGlobalSection
	GlobalSection(ExtensibilityGlobals) = postSolution
		SolutionGuid = {4FECE349-95AC-4A50-84B4-64E16331E8DB}
	EndGlobalSection
EndGlobal
